
Microsoft Visual Studio Solution File, Format Version 12.00
# Visual Studio Version 17
VisualStudioVersion = 17.5.33502.453
MinimumVisualStudioVersion = 10.0.40219.1
Project("{9A19103F-16F7-4668-BE54-9A1E7A4F7556}") = "SolumTrackingService", "SolumTrackingService\SolumTrackingService.csproj", "{8D5DD3F3-55F9-4692-8C1E-8D9997DB1862}"
EndProject
Project("{9A19103F-16F7-4668-BE54-9A1E7A4F7556}") = "SolumInfraestructure", "SolumInfraestructure\SolumInfraestructure.csproj", "{3B863BD5-8AED-4DCD-B371-B2A0C3F45627}"
EndProject
Project("{9A19103F-16F7-4668-BE54-9A1E7A4F7556}") = "SolumTrackingServiceArti", "SolumTrackingServiceArti\SolumTrackingServiceArti.csproj", "{2E53A51A-6952-4784-B263-7CAC2D4729F1}"
EndProject
Global
	GlobalSection(SolutionConfigurationPlatforms) = preSolution
		Debug|Any CPU = Debug|Any CPU
		Release|Any CPU = Release|Any CPU
	EndGlobalSection
	GlobalSection(ProjectConfigurationPlatforms) = postSolution
		{8D5DD3F3-55F9-4692-8C1E-8D9997DB1862}.Debug|Any CPU.ActiveCfg = Debug|Any CPU
		{8D5DD3F3-55F9-4692-8C1E-8D9997DB1862}.Debug|Any CPU.Build.0 = Debug|Any CPU
		{8D5DD3F3-55F9-4692-8C1E-8D9997DB1862}.Release|Any CPU.ActiveCfg = Release|Any CPU
		{8D5DD3F3-55F9-4692-8C1E-8D9997DB1862}.Release|Any CPU.Build.0 = Release|Any CPU
		{3B863BD5-8AED-4DCD-B371-B2A0C3F45627}.Debug|Any CPU.ActiveCfg = Debug|Any CPU
		{3B863BD5-8AED-4DCD-B371-B2A0C3F45627}.Debug|Any CPU.Build.0 = Debug|Any CPU
		{3B863BD5-8AED-4DCD-B371-B2A0C3F45627}.Release|Any CPU.ActiveCfg = Release|Any CPU
		{3B863BD5-8AED-4DCD-B371-B2A0C3F45627}.Release|Any CPU.Build.0 = Release|Any CPU
		{2E53A51A-6952-4784-B263-7CAC2D4729F1}.Debug|Any CPU.ActiveCfg = Debug|Any CPU
		{2E53A51A-6952-4784-B263-7CAC2D4729F1}.Debug|Any CPU.Build.0 = Debug|Any CPU
		{2E53A51A-6952-4784-B263-7CAC2D4729F1}.Release|Any CPU.ActiveCfg = Release|Any CPU
		{2E53A51A-6952-4784-B263-7CAC2D4729F1}.Release|Any CPU.Build.0 = Release|Any CPU
	EndGlobalSection
	GlobalSection(SolutionProperties) = preSolution
		HideSolutionNode = FALSE
	EndGlobalSection
	GlobalSection(ExtensibilityGlobals) = postSolution
		SolutionGuid = {FBAA2E19-6483-4828-8331-FFC9917E71D6}
	EndGlobalSection
EndGlobal
